// !$*UTF8*$!
{
	archiveVersion = 1;
	classes = {
	};
	objectVersion = 46;
	objects = {

/* Begin PBXBuildFile section */
		45A43C0D5A8E8CD626DABAD0 /* Pods_microblog_swift.framework in Frameworks */ = {isa = PBXBuildFile; fileRef = 2F5B03E7398D182F45B84102 /* Pods_microblog_swift.framework */; };
		A50DC50C1BDCF33700FEF643 /* AppDelegate.swift in Sources */ = {isa = PBXBuildFile; fileRef = A50DC50B1BDCF33700FEF643 /* AppDelegate.swift */; };
		A50DC5131BDCF33800FEF643 /* Assets.xcassets in Resources */ = {isa = PBXBuildFile; fileRef = A50DC5121BDCF33800FEF643 /* Assets.xcassets */; };
		A51298121BE48296005D4D73 /* JFStatusPictureView.swift in Sources */ = {isa = PBXBuildFile; fileRef = A51298111BE48296005D4D73 /* JFStatusPictureView.swift */; };
		A51298141BE48CC7005D4D73 /* JFStatusPictureViewCell.swift in Sources */ = {isa = PBXBuildFile; fileRef = A51298131BE48CC7005D4D73 /* JFStatusPictureViewCell.swift */; };
		A54C16421BE9182100100E1B /* JFPlaceholderTextView.swift in Sources */ = {isa = PBXBuildFile; fileRef = A54C16411BE9182100100E1B /* JFPlaceholderTextView.swift */; };
		A555AA6B1BE2FDB600104563 /* UIBarButtonItem+Extension.swift in Sources */ = {isa = PBXBuildFile; fileRef = A555AA6A1BE2FDB600104563 /* UIBarButtonItem+Extension.swift */; };
		A555AA701BE30C7000104563 /* JFError.swift in Sources */ = {isa = PBXBuildFile; fileRef = A555AA6F1BE30C7000104563 /* JFError.swift */; };
		A58654AF1BE6284A007679D0 /* JFProgressHUD.swift in Sources */ = {isa = PBXBuildFile; fileRef = A58654AE1BE6284A007679D0 /* JFProgressHUD.swift */; };
		A5916C461BE5FFC100B26DE5 /* NSDate+Extension.swift in Sources */ = {isa = PBXBuildFile; fileRef = A5916C451BE5FFC100B26DE5 /* NSDate+Extension.swift */; };
		A5916C481BE6017600B26DE5 /* UIImageView+Extension.swift in Sources */ = {isa = PBXBuildFile; fileRef = A5916C471BE6017600B26DE5 /* UIImageView+Extension.swift */; };
		A59291571BE096C900D647F5 /* JFItemButton.swift in Sources */ = {isa = PBXBuildFile; fileRef = A59291561BE096C900D647F5 /* JFItemButton.swift */; };
		A59E3C131BE3C41B00E9543C /* JFStatusTopView.swift in Sources */ = {isa = PBXBuildFile; fileRef = A59E3C121BE3C41B00E9543C /* JFStatusTopView.swift */; };
		A59E3C151BE3C4F000E9543C /* JFStatusCell.swift in Sources */ = {isa = PBXBuildFile; fileRef = A59E3C141BE3C4F000E9543C /* JFStatusCell.swift */; };
		A59E3C171BE3E4C300E9543C /* UIButton+Extension.swift in Sources */ = {isa = PBXBuildFile; fileRef = A59E3C161BE3E4C300E9543C /* UIButton+Extension.swift */; };
		A59E3C191BE3E4F200E9543C /* UILabel+Extension.swift in Sources */ = {isa = PBXBuildFile; fileRef = A59E3C181BE3E4F200E9543C /* UILabel+Extension.swift */; };
		A59E3C1B1BE3E53A00E9543C /* JFStatusBottomView.swift in Sources */ = {isa = PBXBuildFile; fileRef = A59E3C1A1BE3E53A00E9543C /* JFStatusBottomView.swift */; };
		A5A6EA851BE504E100DD47F4 /* JFStatusForwardCell.swift in Sources */ = {isa = PBXBuildFile; fileRef = A5A6EA841BE504E100DD47F4 /* JFStatusForwardCell.swift */; };
		A5A6EA871BE50D3800DD47F4 /* JFStatusNormalCell.swift in Sources */ = {isa = PBXBuildFile; fileRef = A5A6EA861BE50D3800DD47F4 /* JFStatusNormalCell.swift */; };
		A5A7CC5F1BDE9545006B0D3D /* JFWelcomeViewController.swift in Sources */ = {isa = PBXBuildFile; fileRef = A5A7CC5E1BDE9545006B0D3D /* JFWelcomeViewController.swift */; };
		A5AE76D11BDF54F2000761F9 /* JFTitleButton.swift in Sources */ = {isa = PBXBuildFile; fileRef = A5AE76D01BDF54F2000761F9 /* JFTitleButton.swift */; };
		A5AE76D31BDF5FE4000761F9 /* JFPopViewController.swift in Sources */ = {isa = PBXBuildFile; fileRef = A5AE76D21BDF5FE4000761F9 /* JFPopViewController.swift */; };
		A5C7F95B1BDE0A54004EFA96 /* UIImage+Extension.swift in Sources */ = {isa = PBXBuildFile; fileRef = A5C7F9201BDE0A54004EFA96 /* UIImage+Extension.swift */; };
		A5C7F95C1BDE0A54004EFA96 /* JFStatus.swift in Sources */ = {isa = PBXBuildFile; fileRef = A5C7F9231BDE0A54004EFA96 /* JFStatus.swift */; };
		A5C7F95D1BDE0A54004EFA96 /* JFUser.swift in Sources */ = {isa = PBXBuildFile; fileRef = A5C7F9241BDE0A54004EFA96 /* JFUser.swift */; };
		A5C7F95E1BDE0A54004EFA96 /* JFUserAccount.swift in Sources */ = {isa = PBXBuildFile; fileRef = A5C7F9251BDE0A54004EFA96 /* JFUserAccount.swift */; };
		A5C7F95F1BDE0A54004EFA96 /* JFCenterViewController.swift in Sources */ = {isa = PBXBuildFile; fileRef = A5C7F9291BDE0A54004EFA96 /* JFCenterViewController.swift */; };
		A5C7F9601BDE0A54004EFA96 /* JFComposeViewController.swift in Sources */ = {isa = PBXBuildFile; fileRef = A5C7F92E1BDE0A54004EFA96 /* JFComposeViewController.swift */; };
		A5C7F9611BDE0A54004EFA96 /* JFDiscoverViewController.swift in Sources */ = {isa = PBXBuildFile; fileRef = A5C7F9331BDE0A54004EFA96 /* JFDiscoverViewController.swift */; };
		A5C7F9621BDE0A54004EFA96 /* JFDiscoverVisitorView.swift in Sources */ = {isa = PBXBuildFile; fileRef = A5C7F9361BDE0A54004EFA96 /* JFDiscoverVisitorView.swift */; };
		A5C7F9631BDE0A54004EFA96 /* JFHomeViewController.swift in Sources */ = {isa = PBXBuildFile; fileRef = A5C7F9391BDE0A54004EFA96 /* JFHomeViewController.swift */; };
		A5C7F9641BDE0A54004EFA96 /* JFHomeVisitorView.swift in Sources */ = {isa = PBXBuildFile; fileRef = A5C7F93C1BDE0A54004EFA96 /* JFHomeVisitorView.swift */; };
		A5C7F9651BDE0A54004EFA96 /* JFNavigationController.swift in Sources */ = {isa = PBXBuildFile; fileRef = A5C7F93F1BDE0A54004EFA96 /* JFNavigationController.swift */; };
		A5C7F9661BDE0A54004EFA96 /* JFTabBarViewController.swift in Sources */ = {isa = PBXBuildFile; fileRef = A5C7F9401BDE0A54004EFA96 /* JFTabBarViewController.swift */; };
		A5C7F9671BDE0A54004EFA96 /* JFMessageViewController.swift in Sources */ = {isa = PBXBuildFile; fileRef = A5C7F9451BDE0A54004EFA96 /* JFMessageViewController.swift */; };
		A5C7F9681BDE0A54004EFA96 /* JFMessageVisitorView.swift in Sources */ = {isa = PBXBuildFile; fileRef = A5C7F9481BDE0A54004EFA96 /* JFMessageVisitorView.swift */; };
		A5C7F9691BDE0A54004EFA96 /* JFNewFeatureViewController.swift in Sources */ = {isa = PBXBuildFile; fileRef = A5C7F94B1BDE0A54004EFA96 /* JFNewFeatureViewController.swift */; };
		A5C7F96A1BDE0A54004EFA96 /* JFOAuthViewController.swift in Sources */ = {isa = PBXBuildFile; fileRef = A5C7F9501BDE0A54004EFA96 /* JFOAuthViewController.swift */; };
		A5C7F96B1BDE0A54004EFA96 /* JFProfileTableViewController.swift in Sources */ = {isa = PBXBuildFile; fileRef = A5C7F9551BDE0A54004EFA96 /* JFProfileTableViewController.swift */; };
		A5C7F96C1BDE0A54004EFA96 /* JFProfileVisitorView.swift in Sources */ = {isa = PBXBuildFile; fileRef = A5C7F9581BDE0A54004EFA96 /* JFProfileVisitorView.swift */; };
		A5C7F96D1BDE0A54004EFA96 /* JFNetworkTool.swift in Sources */ = {isa = PBXBuildFile; fileRef = A5C7F95A1BDE0A54004EFA96 /* JFNetworkTool.swift */; };
		A5C8E3C81BE67A7900BAA6F6 /* JFRefreshControl.swift in Sources */ = {isa = PBXBuildFile; fileRef = A5C8E3C71BE67A7900BAA6F6 /* JFRefreshControl.swift */; };
		A5D7CDB91BDD4B2100D1DF04 /* JFCommon.swift in Sources */ = {isa = PBXBuildFile; fileRef = A5D7CDB81BDD4B2100D1DF04 /* JFCommon.swift */; };
/* End PBXBuildFile section */

/* Begin PBXFileReference section */
		2F5B03E7398D182F45B84102 /* Pods_microblog_swift.framework */ = {isa = PBXFileReference; explicitFileType = wrapper.framework; includeInIndex = 0; path = Pods_microblog_swift.framework; sourceTree = BUILT_PRODUCTS_DIR; };
		983D9E66CD82891EC9114B2F /* Pods-microblog-swift.release.xcconfig */ = {isa = PBXFileReference; includeInIndex = 1; lastKnownFileType = text.xcconfig; name = "Pods-microblog-swift.release.xcconfig"; path = "Pods/Target Support Files/Pods-microblog-swift/Pods-microblog-swift.release.xcconfig"; sourceTree = "<group>"; };
		9C6CF6676D50074697495326 /* Pods-microblog-swift.debug.xcconfig */ = {isa = PBXFileReference; includeInIndex = 1; lastKnownFileType = text.xcconfig; name = "Pods-microblog-swift.debug.xcconfig"; path = "Pods/Target Support Files/Pods-microblog-swift/Pods-microblog-swift.debug.xcconfig"; sourceTree = "<group>"; };
		A50DC5081BDCF33700FEF643 /* microblog-swift.app */ = {isa = PBXFileReference; explicitFileType = wrapper.application; includeInIndex = 0; path = "microblog-swift.app"; sourceTree = BUILT_PRODUCTS_DIR; };
		A50DC50B1BDCF33700FEF643 /* AppDelegate.swift */ = {isa = PBXFileReference; lastKnownFileType = sourcecode.swift; path = AppDelegate.swift; sourceTree = "<group>"; };
		A50DC5121BDCF33800FEF643 /* Assets.xcassets */ = {isa = PBXFileReference; lastKnownFileType = folder.assetcatalog; name = Assets.xcassets; path = ../Assets.xcassets; sourceTree = "<group>"; };
		A50DC5171BDCF33800FEF643 /* Info.plist */ = {isa = PBXFileReference; lastKnownFileType = text.plist.xml; path = Info.plist; sourceTree = "<group>"; };
		A51298111BE48296005D4D73 /* JFStatusPictureView.swift */ = {isa = PBXFileReference; fileEncoding = 4; lastKnownFileType = sourcecode.swift; path = JFStatusPictureView.swift; sourceTree = "<group>"; };
		A51298131BE48CC7005D4D73 /* JFStatusPictureViewCell.swift */ = {isa = PBXFileReference; fileEncoding = 4; lastKnownFileType = sourcecode.swift; path = JFStatusPictureViewCell.swift; sourceTree = "<group>"; };
		A54C16411BE9182100100E1B /* JFPlaceholderTextView.swift */ = {isa = PBXFileReference; fileEncoding = 4; lastKnownFileType = sourcecode.swift; path = JFPlaceholderTextView.swift; sourceTree = "<group>"; };
		A555AA6A1BE2FDB600104563 /* UIBarButtonItem+Extension.swift */ = {isa = PBXFileReference; fileEncoding = 4; lastKnownFileType = sourcecode.swift; path = "UIBarButtonItem+Extension.swift"; sourceTree = "<group>"; };
		A555AA6F1BE30C7000104563 /* JFError.swift */ = {isa = PBXFileReference; fileEncoding = 4; lastKnownFileType = sourcecode.swift; path = JFError.swift; sourceTree = "<group>"; };
		A58654AE1BE6284A007679D0 /* JFProgressHUD.swift */ = {isa = PBXFileReference; fileEncoding = 4; lastKnownFileType = sourcecode.swift; path = JFProgressHUD.swift; sourceTree = "<group>"; };
		A5916C451BE5FFC100B26DE5 /* NSDate+Extension.swift */ = {isa = PBXFileReference; fileEncoding = 4; lastKnownFileType = sourcecode.swift; path = "NSDate+Extension.swift"; sourceTree = "<group>"; };
		A5916C471BE6017600B26DE5 /* UIImageView+Extension.swift */ = {isa = PBXFileReference; fileEncoding = 4; lastKnownFileType = sourcecode.swift; path = "UIImageView+Extension.swift"; sourceTree = "<group>"; };
		A59291561BE096C900D647F5 /* JFItemButton.swift */ = {isa = PBXFileReference; fileEncoding = 4; lastKnownFileType = sourcecode.swift; path = JFItemButton.swift; sourceTree = "<group>"; };
		A59E3C121BE3C41B00E9543C /* JFStatusTopView.swift */ = {isa = PBXFileReference; fileEncoding = 4; lastKnownFileType = sourcecode.swift; path = JFStatusTopView.swift; sourceTree = "<group>"; };
		A59E3C141BE3C4F000E9543C /* JFStatusCell.swift */ = {isa = PBXFileReference; fileEncoding = 4; lastKnownFileType = sourcecode.swift; path = JFStatusCell.swift; sourceTree = "<group>"; };
		A59E3C161BE3E4C300E9543C /* UIButton+Extension.swift */ = {isa = PBXFileReference; fileEncoding = 4; lastKnownFileType = sourcecode.swift; path = "UIButton+Extension.swift"; sourceTree = "<group>"; };
		A59E3C181BE3E4F200E9543C /* UILabel+Extension.swift */ = {isa = PBXFileReference; fileEncoding = 4; lastKnownFileType = sourcecode.swift; path = "UILabel+Extension.swift"; sourceTree = "<group>"; };
		A59E3C1A1BE3E53A00E9543C /* JFStatusBottomView.swift */ = {isa = PBXFileReference; fileEncoding = 4; lastKnownFileType = sourcecode.swift; path = JFStatusBottomView.swift; sourceTree = "<group>"; };
		A5A6EA841BE504E100DD47F4 /* JFStatusForwardCell.swift */ = {isa = PBXFileReference; fileEncoding = 4; lastKnownFileType = sourcecode.swift; path = JFStatusForwardCell.swift; sourceTree = "<group>"; };
		A5A6EA861BE50D3800DD47F4 /* JFStatusNormalCell.swift */ = {isa = PBXFileReference; fileEncoding = 4; lastKnownFileType = sourcecode.swift; path = JFStatusNormalCell.swift; sourceTree = "<group>"; };
		A5A7CC5E1BDE9545006B0D3D /* JFWelcomeViewController.swift */ = {isa = PBXFileReference; fileEncoding = 4; lastKnownFileType = sourcecode.swift; path = JFWelcomeViewController.swift; sourceTree = "<group>"; };
		A5AE76D01BDF54F2000761F9 /* JFTitleButton.swift */ = {isa = PBXFileReference; fileEncoding = 4; lastKnownFileType = sourcecode.swift; path = JFTitleButton.swift; sourceTree = "<group>"; };
		A5AE76D21BDF5FE4000761F9 /* JFPopViewController.swift */ = {isa = PBXFileReference; fileEncoding = 4; lastKnownFileType = sourcecode.swift; path = JFPopViewController.swift; sourceTree = "<group>"; };
		A5C7F9201BDE0A54004EFA96 /* UIImage+Extension.swift */ = {isa = PBXFileReference; fileEncoding = 4; lastKnownFileType = sourcecode.swift; path = "UIImage+Extension.swift"; sourceTree = "<group>"; };
		A5C7F9231BDE0A54004EFA96 /* JFStatus.swift */ = {isa = PBXFileReference; fileEncoding = 4; lastKnownFileType = sourcecode.swift; path = JFStatus.swift; sourceTree = "<group>"; };
		A5C7F9241BDE0A54004EFA96 /* JFUser.swift */ = {isa = PBXFileReference; fileEncoding = 4; lastKnownFileType = sourcecode.swift; path = JFUser.swift; sourceTree = "<group>"; };
		A5C7F9251BDE0A54004EFA96 /* JFUserAccount.swift */ = {isa = PBXFileReference; fileEncoding = 4; lastKnownFileType = sourcecode.swift; path = JFUserAccount.swift; sourceTree = "<group>"; };
		A5C7F9291BDE0A54004EFA96 /* JFCenterViewController.swift */ = {isa = PBXFileReference; fileEncoding = 4; lastKnownFileType = sourcecode.swift; path = JFCenterViewController.swift; sourceTree = "<group>"; };
		A5C7F92E1BDE0A54004EFA96 /* JFComposeViewController.swift */ = {isa = PBXFileReference; fileEncoding = 4; lastKnownFileType = sourcecode.swift; path = JFComposeViewController.swift; sourceTree = "<group>"; };
		A5C7F9331BDE0A54004EFA96 /* JFDiscoverViewController.swift */ = {isa = PBXFileReference; fileEncoding = 4; lastKnownFileType = sourcecode.swift; path = JFDiscoverViewController.swift; sourceTree = "<group>"; };
		A5C7F9361BDE0A54004EFA96 /* JFDiscoverVisitorView.swift */ = {isa = PBXFileReference; fileEncoding = 4; lastKnownFileType = sourcecode.swift; path = JFDiscoverVisitorView.swift; sourceTree = "<group>"; };
		A5C7F9391BDE0A54004EFA96 /* JFHomeViewController.swift */ = {isa = PBXFileReference; fileEncoding = 4; lastKnownFileType = sourcecode.swift; path = JFHomeViewController.swift; sourceTree = "<group>"; };
		A5C7F93C1BDE0A54004EFA96 /* JFHomeVisitorView.swift */ = {isa = PBXFileReference; fileEncoding = 4; lastKnownFileType = sourcecode.swift; path = JFHomeVisitorView.swift; sourceTree = "<group>"; };
		A5C7F93F1BDE0A54004EFA96 /* JFNavigationController.swift */ = {isa = PBXFileReference; fileEncoding = 4; lastKnownFileType = sourcecode.swift; path = JFNavigationController.swift; sourceTree = "<group>"; };
		A5C7F9401BDE0A54004EFA96 /* JFTabBarViewController.swift */ = {isa = PBXFileReference; fileEncoding = 4; lastKnownFileType = sourcecode.swift; path = JFTabBarViewController.swift; sourceTree = "<group>"; };
		A5C7F9451BDE0A54004EFA96 /* JFMessageViewController.swift */ = {isa = PBXFileReference; fileEncoding = 4; lastKnownFileType = sourcecode.swift; path = JFMessageViewController.swift; sourceTree = "<group>"; };
		A5C7F9481BDE0A54004EFA96 /* JFMessageVisitorView.swift */ = {isa = PBXFileReference; fileEncoding = 4; lastKnownFileType = sourcecode.swift; path = JFMessageVisitorView.swift; sourceTree = "<group>"; };
		A5C7F94B1BDE0A54004EFA96 /* JFNewFeatureViewController.swift */ = {isa = PBXFileReference; fileEncoding = 4; lastKnownFileType = sourcecode.swift; path = JFNewFeatureViewController.swift; sourceTree = "<group>"; };
		A5C7F9501BDE0A54004EFA96 /* JFOAuthViewController.swift */ = {isa = PBXFileReference; fileEncoding = 4; lastKnownFileType = sourcecode.swift; path = JFOAuthViewController.swift; sourceTree = "<group>"; };
		A5C7F9551BDE0A54004EFA96 /* JFProfileTableViewController.swift */ = {isa = PBXFileReference; fileEncoding = 4; lastKnownFileType = sourcecode.swift; path = JFProfileTableViewController.swift; sourceTree = "<group>"; };
		A5C7F9581BDE0A54004EFA96 /* JFProfileVisitorView.swift */ = {isa = PBXFileReference; fileEncoding = 4; lastKnownFileType = sourcecode.swift; path = JFProfileVisitorView.swift; sourceTree = "<group>"; };
		A5C7F95A1BDE0A54004EFA96 /* JFNetworkTool.swift */ = {isa = PBXFileReference; fileEncoding = 4; lastKnownFileType = sourcecode.swift; path = JFNetworkTool.swift; sourceTree = "<group>"; };
		A5C8E3C71BE67A7900BAA6F6 /* JFRefreshControl.swift */ = {isa = PBXFileReference; fileEncoding = 4; lastKnownFileType = sourcecode.swift; path = JFRefreshControl.swift; sourceTree = "<group>"; };
		A5D7CD7A1BDD1C7D00D1DF04 /* microblog-swift-Bridging-Header.h */ = {isa = PBXFileReference; lastKnownFileType = sourcecode.c.h; path = "microblog-swift-Bridging-Header.h"; sourceTree = "<group>"; };
		A5D7CD7E1BDD1DCD00D1DF04 /* ReactiveCocoa.framework */ = {isa = PBXFileReference; lastKnownFileType = wrapper.framework; name = ReactiveCocoa.framework; path = "Pods/../build/Debug-iphoneos/ReactiveCocoa.framework"; sourceTree = "<group>"; };
		A5D7CDB81BDD4B2100D1DF04 /* JFCommon.swift */ = {isa = PBXFileReference; fileEncoding = 4; lastKnownFileType = sourcecode.swift; path = JFCommon.swift; sourceTree = "<group>"; };
/* End PBXFileReference section */

/* Begin PBXFrameworksBuildPhase section */
		A50DC5051BDCF33700FEF643 /* Frameworks */ = {
			isa = PBXFrameworksBuildPhase;
			buildActionMask = 2147483647;
			files = (
				45A43C0D5A8E8CD626DABAD0 /* Pods_microblog_swift.framework in Frameworks */,
			);
			runOnlyForDeploymentPostprocessing = 0;
		};
/* End PBXFrameworksBuildPhase section */

/* Begin PBXGroup section */
		98CB665F8392EBA723A8D334 /* Pods */ = {
			isa = PBXGroup;
			children = (
				9C6CF6676D50074697495326 /* Pods-microblog-swift.debug.xcconfig */,
				983D9E66CD82891EC9114B2F /* Pods-microblog-swift.release.xcconfig */,
			);
			name = Pods;
			sourceTree = "<group>";
		};
		9AEB7DC5F7214B74A6D6C2B7 /* Frameworks */ = {
			isa = PBXGroup;
			children = (
				A5D7CD7E1BDD1DCD00D1DF04 /* ReactiveCocoa.framework */,
				2F5B03E7398D182F45B84102 /* Pods_microblog_swift.framework */,
			);
			name = Frameworks;
			sourceTree = "<group>";
		};
		A50DC4FF1BDCF33700FEF643 = {
			isa = PBXGroup;
			children = (
				A50DC50A1BDCF33700FEF643 /* microblog-swift */,
				A50DC5091BDCF33700FEF643 /* Products */,
				98CB665F8392EBA723A8D334 /* Pods */,
				9AEB7DC5F7214B74A6D6C2B7 /* Frameworks */,
			);
			sourceTree = "<group>";
		};
		A50DC5091BDCF33700FEF643 /* Products */ = {
			isa = PBXGroup;
			children = (
				A50DC5081BDCF33700FEF643 /* microblog-swift.app */,
			);
			name = Products;
			sourceTree = "<group>";
		};
		A50DC50A1BDCF33700FEF643 /* microblog-swift */ = {
			isa = PBXGroup;
			children = (
				A5D7CD8F1BDD2EFF00D1DF04 /* Resource */,
				A5C7F91E1BDE0A54004EFA96 /* Classes */,
				A5C84A1C1BE5A09500878C9A /* Other */,
			);
			path = "microblog-swift";
			sourceTree = "<group>";
		};
		A555AA6C1BE305BB00104563 /* popover */ = {
			isa = PBXGroup;
			children = (
				A5AE76D21BDF5FE4000761F9 /* JFPopViewController.swift */,
			);
			name = popover;
			sourceTree = "<group>";
		};
		A58C35401BE7872B00444C62 /* Refresh */ = {
			isa = PBXGroup;
			children = (
				A5C8E3C71BE67A7900BAA6F6 /* JFRefreshControl.swift */,
			);
			name = Refresh;
			sourceTree = "<group>";
		};
		A58C35411BE7873B00444C62 /* Visitor */ = {
			isa = PBXGroup;
			children = (
				A5C7F93C1BDE0A54004EFA96 /* JFHomeVisitorView.swift */,
				A5AE76D01BDF54F2000761F9 /* JFTitleButton.swift */,
			);
			name = Visitor;
			sourceTree = "<group>";
		};
		A59E3C111BE3C40000E9543C /* Cell */ = {
			isa = PBXGroup;
			children = (
				A59E3C141BE3C4F000E9543C /* JFStatusCell.swift */,
				A5A6EA841BE504E100DD47F4 /* JFStatusForwardCell.swift */,
				A5A6EA861BE50D3800DD47F4 /* JFStatusNormalCell.swift */,
				A59E3C121BE3C41B00E9543C /* JFStatusTopView.swift */,
				A51298111BE48296005D4D73 /* JFStatusPictureView.swift */,
				A51298131BE48CC7005D4D73 /* JFStatusPictureViewCell.swift */,
				A59E3C1A1BE3E53A00E9543C /* JFStatusBottomView.swift */,
			);
			name = Cell;
			sourceTree = "<group>";
		};
		A5C7F91E1BDE0A54004EFA96 /* Classes */ = {
			isa = PBXGroup;
			children = (
				A5C7F91F1BDE0A54004EFA96 /* Extension */,
				A5C7F9211BDE0A54004EFA96 /* Library */,
				A5C7F9591BDE0A54004EFA96 /* Tools */,
				A5C7F9221BDE0A54004EFA96 /* Model */,
				A5C7F9261BDE0A54004EFA96 /* Module */,
			);
			path = Classes;
			sourceTree = "<group>";
		};
		A5C7F91F1BDE0A54004EFA96 /* Extension */ = {
			isa = PBXGroup;
			children = (
				A5C7F9201BDE0A54004EFA96 /* UIImage+Extension.swift */,
				A555AA6A1BE2FDB600104563 /* UIBarButtonItem+Extension.swift */,
				A59E3C161BE3E4C300E9543C /* UIButton+Extension.swift */,
				A59E3C181BE3E4F200E9543C /* UILabel+Extension.swift */,
				A5916C451BE5FFC100B26DE5 /* NSDate+Extension.swift */,
				A5916C471BE6017600B26DE5 /* UIImageView+Extension.swift */,
			);
			path = Extension;
			sourceTree = "<group>";
		};
		A5C7F9211BDE0A54004EFA96 /* Library */ = {
			isa = PBXGroup;
			children = (
			);
			path = Library;
			sourceTree = "<group>";
		};
		A5C7F9221BDE0A54004EFA96 /* Model */ = {
			isa = PBXGroup;
			children = (
				A5C7F9231BDE0A54004EFA96 /* JFStatus.swift */,
				A5C7F9241BDE0A54004EFA96 /* JFUser.swift */,
				A5C7F9251BDE0A54004EFA96 /* JFUserAccount.swift */,
			);
			path = Model;
			sourceTree = "<group>";
		};
		A5C7F9261BDE0A54004EFA96 /* Module */ = {
			isa = PBXGroup;
			children = (
				A5C7F93D1BDE0A54004EFA96 /* Main */,
				A5C7F9371BDE0A54004EFA96 /* Home */,
				A5C7F9431BDE0A54004EFA96 /* Message */,
				A5C7F9271BDE0A54004EFA96 /* Center */,
				A5C7F9311BDE0A54004EFA96 /* Discover */,
				A5C7F9531BDE0A54004EFA96 /* Profile */,
				A5C7F92C1BDE0A54004EFA96 /* Compose */,
				A5C7F9491BDE0A54004EFA96 /* NewFeature */,
				A5C7F94E1BDE0A54004EFA96 /* OAuth */,
			);
			path = Module;
			sourceTree = "<group>";
		};
		A5C7F9271BDE0A54004EFA96 /* Center */ = {
			isa = PBXGroup;
			children = (
				A5C7F9281BDE0A54004EFA96 /* Controller */,
				A5C7F92A1BDE0A54004EFA96 /* Model */,
				A5C7F92B1BDE0A54004EFA96 /* View */,
			);
			path = Center;
			sourceTree = "<group>";
		};
		A5C7F9281BDE0A54004EFA96 /* Controller */ = {
			isa = PBXGroup;
			children = (
				A5C7F9291BDE0A54004EFA96 /* JFCenterViewController.swift */,
			);
			path = Controller;
			sourceTree = "<group>";
		};
		A5C7F92A1BDE0A54004EFA96 /* Model */ = {
			isa = PBXGroup;
			children = (
			);
			path = Model;
			sourceTree = "<group>";
		};
		A5C7F92B1BDE0A54004EFA96 /* View */ = {
			isa = PBXGroup;
			children = (
				A59291561BE096C900D647F5 /* JFItemButton.swift */,
			);
			path = View;
			sourceTree = "<group>";
		};
		A5C7F92C1BDE0A54004EFA96 /* Compose */ = {
			isa = PBXGroup;
			children = (
				A5C7F92D1BDE0A54004EFA96 /* Controller */,
				A5C7F92F1BDE0A54004EFA96 /* Model */,
				A5C7F9301BDE0A54004EFA96 /* View */,
			);
			path = Compose;
			sourceTree = "<group>";
		};
		A5C7F92D1BDE0A54004EFA96 /* Controller */ = {
			isa = PBXGroup;
			children = (
				A5C7F92E1BDE0A54004EFA96 /* JFComposeViewController.swift */,
			);
			path = Controller;
			sourceTree = "<group>";
		};
		A5C7F92F1BDE0A54004EFA96 /* Model */ = {
			isa = PBXGroup;
			children = (
			);
			path = Model;
			sourceTree = "<group>";
		};
		A5C7F9301BDE0A54004EFA96 /* View */ = {
			isa = PBXGroup;
			children = (
				A54C16411BE9182100100E1B /* JFPlaceholderTextView.swift */,
			);
			path = View;
			sourceTree = "<group>";
		};
		A5C7F9311BDE0A54004EFA96 /* Discover */ = {
			isa = PBXGroup;
			children = (
				A5C7F9321BDE0A54004EFA96 /* Controller */,
				A5C7F9341BDE0A54004EFA96 /* Model */,
				A5C7F9351BDE0A54004EFA96 /* View */,
			);
			path = Discover;
			sourceTree = "<group>";
		};
		A5C7F9321BDE0A54004EFA96 /* Controller */ = {
			isa = PBXGroup;
			children = (
				A5C7F9331BDE0A54004EFA96 /* JFDiscoverViewController.swift */,
			);
			path = Controller;
			sourceTree = "<group>";
		};
		A5C7F9341BDE0A54004EFA96 /* Model */ = {
			isa = PBXGroup;
			children = (
			);
			path = Model;
			sourceTree = "<group>";
		};
		A5C7F9351BDE0A54004EFA96 /* View */ = {
			isa = PBXGroup;
			children = (
				A5C7F9361BDE0A54004EFA96 /* JFDiscoverVisitorView.swift */,
			);
			path = View;
			sourceTree = "<group>";
		};
		A5C7F9371BDE0A54004EFA96 /* Home */ = {
			isa = PBXGroup;
			children = (
				A5C7F9381BDE0A54004EFA96 /* Controller */,
				A5C7F93A1BDE0A54004EFA96 /* Model */,
				A5C7F93B1BDE0A54004EFA96 /* View */,
			);
			path = Home;
			sourceTree = "<group>";
		};
		A5C7F9381BDE0A54004EFA96 /* Controller */ = {
			isa = PBXGroup;
			children = (
				A5C7F9391BDE0A54004EFA96 /* JFHomeViewController.swift */,
				A555AA6C1BE305BB00104563 /* popover */,
			);
			path = Controller;
			sourceTree = "<group>";
		};
		A5C7F93A1BDE0A54004EFA96 /* Model */ = {
			isa = PBXGroup;
			children = (
			);
			path = Model;
			sourceTree = "<group>";
		};
		A5C7F93B1BDE0A54004EFA96 /* View */ = {
			isa = PBXGroup;
			children = (
				A58C35411BE7873B00444C62 /* Visitor */,
				A59E3C111BE3C40000E9543C /* Cell */,
				A58C35401BE7872B00444C62 /* Refresh */,
			);
			path = View;
			sourceTree = "<group>";
		};
		A5C7F93D1BDE0A54004EFA96 /* Main */ = {
			isa = PBXGroup;
			children = (
				A5C7F93E1BDE0A54004EFA96 /* Controller */,
				A5C7F9411BDE0A54004EFA96 /* Model */,
				A5C7F9421BDE0A54004EFA96 /* View */,
			);
			path = Main;
			sourceTree = "<group>";
		};
		A5C7F93E1BDE0A54004EFA96 /* Controller */ = {
			isa = PBXGroup;
			children = (
				A5C7F93F1BDE0A54004EFA96 /* JFNavigationController.swift */,
				A5C7F9401BDE0A54004EFA96 /* JFTabBarViewController.swift */,
			);
			path = Controller;
			sourceTree = "<group>";
		};
		A5C7F9411BDE0A54004EFA96 /* Model */ = {
			isa = PBXGroup;
			children = (
			);
			path = Model;
			sourceTree = "<group>";
		};
		A5C7F9421BDE0A54004EFA96 /* View */ = {
			isa = PBXGroup;
			children = (
			);
			path = View;
			sourceTree = "<group>";
		};
		A5C7F9431BDE0A54004EFA96 /* Message */ = {
			isa = PBXGroup;
			children = (
				A5C7F9441BDE0A54004EFA96 /* Controller */,
				A5C7F9461BDE0A54004EFA96 /* Model */,
				A5C7F9471BDE0A54004EFA96 /* View */,
			);
			path = Message;
			sourceTree = "<group>";
		};
		A5C7F9441BDE0A54004EFA96 /* Controller */ = {
			isa = PBXGroup;
			children = (
				A5C7F9451BDE0A54004EFA96 /* JFMessageViewController.swift */,
			);
			path = Controller;
			sourceTree = "<group>";
		};
		A5C7F9461BDE0A54004EFA96 /* Model */ = {
			isa = PBXGroup;
			children = (
			);
			path = Model;
			sourceTree = "<group>";
		};
		A5C7F9471BDE0A54004EFA96 /* View */ = {
			isa = PBXGroup;
			children = (
				A5C7F9481BDE0A54004EFA96 /* JFMessageVisitorView.swift */,
			);
			path = View;
			sourceTree = "<group>";
		};
		A5C7F9491BDE0A54004EFA96 /* NewFeature */ = {
			isa = PBXGroup;
			children = (
				A5C7F94A1BDE0A54004EFA96 /* Controller */,
				A5C7F94C1BDE0A54004EFA96 /* Model */,
				A5C7F94D1BDE0A54004EFA96 /* View */,
			);
			path = NewFeature;
			sourceTree = "<group>";
		};
		A5C7F94A1BDE0A54004EFA96 /* Controller */ = {
			isa = PBXGroup;
			children = (
				A5C7F94B1BDE0A54004EFA96 /* JFNewFeatureViewController.swift */,
				A5A7CC5E1BDE9545006B0D3D /* JFWelcomeViewController.swift */,
			);
			path = Controller;
			sourceTree = "<group>";
		};
		A5C7F94C1BDE0A54004EFA96 /* Model */ = {
			isa = PBXGroup;
			children = (
			);
			path = Model;
			sourceTree = "<group>";
		};
		A5C7F94D1BDE0A54004EFA96 /* View */ = {
			isa = PBXGroup;
			children = (
			);
			path = View;
			sourceTree = "<group>";
		};
		A5C7F94E1BDE0A54004EFA96 /* OAuth */ = {
			isa = PBXGroup;
			children = (
				A5C7F94F1BDE0A54004EFA96 /* Controller */,
				A5C7F9511BDE0A54004EFA96 /* Model */,
				A5C7F9521BDE0A54004EFA96 /* View */,
			);
			path = OAuth;
			sourceTree = "<group>";
		};
		A5C7F94F1BDE0A54004EFA96 /* Controller */ = {
			isa = PBXGroup;
			children = (
				A5C7F9501BDE0A54004EFA96 /* JFOAuthViewController.swift */,
			);
			path = Controller;
			sourceTree = "<group>";
		};
		A5C7F9511BDE0A54004EFA96 /* Model */ = {
			isa = PBXGroup;
			children = (
			);
			path = Model;
			sourceTree = "<group>";
		};
		A5C7F9521BDE0A54004EFA96 /* View */ = {
			isa = PBXGroup;
			children = (
			);
			path = View;
			sourceTree = "<group>";
		};
		A5C7F9531BDE0A54004EFA96 /* Profile */ = {
			isa = PBXGroup;
			children = (
				A5C7F9541BDE0A54004EFA96 /* Controller */,
				A5C7F9561BDE0A54004EFA96 /* Model */,
				A5C7F9571BDE0A54004EFA96 /* View */,
			);
			path = Profile;
			sourceTree = "<group>";
		};
		A5C7F9541BDE0A54004EFA96 /* Controller */ = {
			isa = PBXGroup;
			children = (
				A5C7F9551BDE0A54004EFA96 /* JFProfileTableViewController.swift */,
			);
			path = Controller;
			sourceTree = "<group>";
		};
		A5C7F9561BDE0A54004EFA96 /* Model */ = {
			isa = PBXGroup;
			children = (
			);
			path = Model;
			sourceTree = "<group>";
		};
		A5C7F9571BDE0A54004EFA96 /* View */ = {
			isa = PBXGroup;
			children = (
				A5C7F9581BDE0A54004EFA96 /* JFProfileVisitorView.swift */,
			);
			path = View;
			sourceTree = "<group>";
		};
		A5C7F9591BDE0A54004EFA96 /* Tools */ = {
			isa = PBXGroup;
			children = (
				A5C7F95A1BDE0A54004EFA96 /* JFNetworkTool.swift */,
				A58654AE1BE6284A007679D0 /* JFProgressHUD.swift */,
			);
			path = Tools;
			sourceTree = "<group>";
		};
		A5C84A1C1BE5A09500878C9A /* Other */ = {
			isa = PBXGroup;
			children = (
				A50DC5171BDCF33800FEF643 /* Info.plist */,
				A5D7CD7A1BDD1C7D00D1DF04 /* microblog-swift-Bridging-Header.h */,
				A50DC50B1BDCF33700FEF643 /* AppDelegate.swift */,
				A5D7CDB81BDD4B2100D1DF04 /* JFCommon.swift */,
				A555AA6F1BE30C7000104563 /* JFError.swift */,
			);
			name = Other;
			sourceTree = "<group>";
		};
		A5D7CD8F1BDD2EFF00D1DF04 /* Resource */ = {
			isa = PBXGroup;
			children = (
				A50DC5121BDCF33800FEF643 /* Assets.xcassets */,
			);
			path = Resource;
			sourceTree = "<group>";
		};
/* End PBXGroup section */

/* Begin PBXNativeTarget section */
		A50DC5071BDCF33700FEF643 /* microblog-swift */ = {
			isa = PBXNativeTarget;
			buildConfigurationList = A50DC51A1BDCF33800FEF643 /* Build configuration list for PBXNativeTarget "microblog-swift" */;
			buildPhases = (
				AFB27213BDE2F06832D2F11D /* Check Pods Manifest.lock */,
				A50DC5041BDCF33700FEF643 /* Sources */,
				A50DC5051BDCF33700FEF643 /* Frameworks */,
				A50DC5061BDCF33700FEF643 /* Resources */,
				F45390CDC6FC30C55E5E8E5D /* Embed Pods Frameworks */,
				32EDEADD8C47A721A574A887 /* Copy Pods Resources */,
			);
			buildRules = (
			);
			dependencies = (
			);
			name = "microblog-swift";
			productName = "microblog-swift";
			productReference = A50DC5081BDCF33700FEF643 /* microblog-swift.app */;
			productType = "com.apple.product-type.application";
		};
/* End PBXNativeTarget section */

/* Begin PBXProject section */
		A50DC5001BDCF33700FEF643 /* Project object */ = {
			isa = PBXProject;
			attributes = {
				CLASSPREFIX = JF;
				LastSwiftUpdateCheck = 0710;
				LastUpgradeCheck = 0710;
				ORGANIZATIONNAME = "六阿哥";
				TargetAttributes = {
					A50DC5071BDCF33700FEF643 = {
						CreatedOnToolsVersion = 7.1;
						DevelopmentTeam = GABKPEQD3S;
					};
				};
			};
			buildConfigurationList = A50DC5031BDCF33700FEF643 /* Build configuration list for PBXProject "microblog-swift" */;
			compatibilityVersion = "Xcode 3.2";
			developmentRegion = English;
			hasScannedForEncodings = 0;
			knownRegions = (
				en,
				Base,
			);
			mainGroup = A50DC4FF1BDCF33700FEF643;
			productRefGroup = A50DC5091BDCF33700FEF643 /* Products */;
			projectDirPath = "";
			projectRoot = "";
			targets = (
				A50DC5071BDCF33700FEF643 /* microblog-swift */,
			);
		};
/* End PBXProject section */

/* Begin PBXResourcesBuildPhase section */
		A50DC5061BDCF33700FEF643 /* Resources */ = {
			isa = PBXResourcesBuildPhase;
			buildActionMask = 2147483647;
			files = (
				A50DC5131BDCF33800FEF643 /* Assets.xcassets in Resources */,
			);
			runOnlyForDeploymentPostprocessing = 0;
		};
/* End PBXResourcesBuildPhase section */

/* Begin PBXShellScriptBuildPhase section */
		32EDEADD8C47A721A574A887 /* Copy Pods Resources */ = {
			isa = PBXShellScriptBuildPhase;
			buildActionMask = 2147483647;
			files = (
			);
			inputPaths = (
			);
			name = "Copy Pods Resources";
			outputPaths = (
			);
			runOnlyForDeploymentPostprocessing = 0;
			shellPath = /bin/sh;
			shellScript = "\"${SRCROOT}/Pods/Target Support Files/Pods-microblog-swift/Pods-microblog-swift-resources.sh\"\n";
			showEnvVarsInLog = 0;
		};
		AFB27213BDE2F06832D2F11D /* Check Pods Manifest.lock */ = {
			isa = PBXShellScriptBuildPhase;
			buildActionMask = 2147483647;
			files = (
			);
			inputPaths = (
			);
			name = "Check Pods Manifest.lock";
			outputPaths = (
			);
			runOnlyForDeploymentPostprocessing = 0;
			shellPath = /bin/sh;
			shellScript = "diff \"${PODS_ROOT}/../Podfile.lock\" \"${PODS_ROOT}/Manifest.lock\" > /dev/null\nif [[ $? != 0 ]] ; then\n    cat << EOM\nerror: The sandbox is not in sync with the Podfile.lock. Run 'pod install' or update your CocoaPods installation.\nEOM\n    exit 1\nfi\n";
			showEnvVarsInLog = 0;
		};
		F45390CDC6FC30C55E5E8E5D /* Embed Pods Frameworks */ = {
			isa = PBXShellScriptBuildPhase;
			buildActionMask = 2147483647;
			files = (
			);
			inputPaths = (
			);
			name = "Embed Pods Frameworks";
			outputPaths = (
			);
			runOnlyForDeploymentPostprocessing = 0;
			shellPath = /bin/sh;
			shellScript = "\"${SRCROOT}/Pods/Target Support Files/Pods-microblog-swift/Pods-microblog-swift-frameworks.sh\"\n";
			showEnvVarsInLog = 0;
		};
/* End PBXShellScriptBuildPhase section */

/* Begin PBXSourcesBuildPhase section */
		A50DC5041BDCF33700FEF643 /* Sources */ = {
			isa = PBXSourcesBuildPhase;
			buildActionMask = 2147483647;
			files = (
				A5AE76D11BDF54F2000761F9 /* JFTitleButton.swift in Sources */,
				A59291571BE096C900D647F5 /* JFItemButton.swift in Sources */,
				A59E3C151BE3C4F000E9543C /* JFStatusCell.swift in Sources */,
				A5D7CDB91BDD4B2100D1DF04 /* JFCommon.swift in Sources */,
				A5C7F95D1BDE0A54004EFA96 /* JFUser.swift in Sources */,
				A5C7F9641BDE0A54004EFA96 /* JFHomeVisitorView.swift in Sources */,
				A5C7F95E1BDE0A54004EFA96 /* JFUserAccount.swift in Sources */,
				A5C7F9651BDE0A54004EFA96 /* JFNavigationController.swift in Sources */,
				A5C7F96C1BDE0A54004EFA96 /* JFProfileVisitorView.swift in Sources */,
				A51298121BE48296005D4D73 /* JFStatusPictureView.swift in Sources */,
				A5C7F9681BDE0A54004EFA96 /* JFMessageVisitorView.swift in Sources */,
				A5A7CC5F1BDE9545006B0D3D /* JFWelcomeViewController.swift in Sources */,
				A5A6EA871BE50D3800DD47F4 /* JFStatusNormalCell.swift in Sources */,
				A59E3C131BE3C41B00E9543C /* JFStatusTopView.swift in Sources */,
				A5C7F9611BDE0A54004EFA96 /* JFDiscoverViewController.swift in Sources */,
				A59E3C171BE3E4C300E9543C /* UIButton+Extension.swift in Sources */,
				A5916C481BE6017600B26DE5 /* UIImageView+Extension.swift in Sources */,
				A5A6EA851BE504E100DD47F4 /* JFStatusForwardCell.swift in Sources */,
				A5916C461BE5FFC100B26DE5 /* NSDate+Extension.swift in Sources */,
				A5AE76D31BDF5FE4000761F9 /* JFPopViewController.swift in Sources */,
				A58654AF1BE6284A007679D0 /* JFProgressHUD.swift in Sources */,
				A555AA701BE30C7000104563 /* JFError.swift in Sources */,
				A51298141BE48CC7005D4D73 /* JFStatusPictureViewCell.swift in Sources */,
				A54C16421BE9182100100E1B /* JFPlaceholderTextView.swift in Sources */,
				A5C7F95C1BDE0A54004EFA96 /* JFStatus.swift in Sources */,
				A5C7F96D1BDE0A54004EFA96 /* JFNetworkTool.swift in Sources */,
				A555AA6B1BE2FDB600104563 /* UIBarButtonItem+Extension.swift in Sources */,
				A5C7F95B1BDE0A54004EFA96 /* UIImage+Extension.swift in Sources */,
				A5C7F9661BDE0A54004EFA96 /* JFTabBarViewController.swift in Sources */,
				A5C7F9601BDE0A54004EFA96 /* JFComposeViewController.swift in Sources */,
				A50DC50C1BDCF33700FEF643 /* AppDelegate.swift in Sources */,
				A59E3C1B1BE3E53A00E9543C /* JFStatusBottomView.swift in Sources */,
				A5C7F9671BDE0A54004EFA96 /* JFMessageViewController.swift in Sources */,
				A5C7F96B1BDE0A54004EFA96 /* JFProfileTableViewController.swift in Sources */,
				A5C8E3C81BE67A7900BAA6F6 /* JFRefreshControl.swift in Sources */,
				A5C7F9691BDE0A54004EFA96 /* JFNewFeatureViewController.swift in Sources */,
				A59E3C191BE3E4F200E9543C /* UILabel+Extension.swift in Sources */,
				A5C7F96A1BDE0A54004EFA96 /* JFOAuthViewController.swift in Sources */,
				A5C7F9621BDE0A54004EFA96 /* JFDiscoverVisitorView.swift in Sources */,
				A5C7F9631BDE0A54004EFA96 /* JFHomeViewController.swift in Sources */,
				A5C7F95F1BDE0A54004EFA96 /* JFCenterViewController.swift in Sources */,
			);
			runOnlyForDeploymentPostprocessing = 0;
		};
/* End PBXSourcesBuildPhase section */

/* Begin XCBuildConfiguration section */
		A50DC5181BDCF33800FEF643 /* Debug */ = {
			isa = XCBuildConfiguration;
			buildSettings = {
				ALWAYS_SEARCH_USER_PATHS = NO;
				CLANG_CXX_LANGUAGE_STANDARD = "gnu++0x";
				CLANG_CXX_LIBRARY = "libc++";
				CLANG_ENABLE_MODULES = YES;
				CLANG_ENABLE_OBJC_ARC = YES;
				CLANG_WARN_BOOL_CONVERSION = YES;
				CLANG_WARN_CONSTANT_CONVERSION = YES;
				CLANG_WARN_DIRECT_OBJC_ISA_USAGE = YES_ERROR;
				CLANG_WARN_EMPTY_BODY = YES;
				CLANG_WARN_ENUM_CONVERSION = YES;
				CLANG_WARN_INT_CONVERSION = YES;
				CLANG_WARN_OBJC_ROOT_CLASS = YES_ERROR;
				CLANG_WARN_UNREACHABLE_CODE = YES;
				CLANG_WARN__DUPLICATE_METHOD_MATCH = YES;
				"CODE_SIGN_IDENTITY[sdk=iphoneos*]" = "iPhone Developer";
				COPY_PHASE_STRIP = NO;
				DEBUG_INFORMATION_FORMAT = dwarf;
				ENABLE_STRICT_OBJC_MSGSEND = YES;
				ENABLE_TESTABILITY = YES;
				GCC_C_LANGUAGE_STANDARD = gnu99;
				GCC_DYNAMIC_NO_PIC = NO;
				GCC_NO_COMMON_BLOCKS = YES;
				GCC_OPTIMIZATION_LEVEL = 0;
				GCC_PREPROCESSOR_DEFINITIONS = (
					"DEBUG=1",
					"$(inherited)",
				);
				GCC_WARN_64_TO_32_BIT_CONVERSION = YES;
				GCC_WARN_ABOUT_RETURN_TYPE = YES_ERROR;
				GCC_WARN_UNDECLARED_SELECTOR = YES;
				GCC_WARN_UNINITIALIZED_AUTOS = YES_AGGRESSIVE;
				GCC_WARN_UNUSED_FUNCTION = YES;
				GCC_WARN_UNUSED_VARIABLE = YES;
				IPHONEOS_DEPLOYMENT_TARGET = 9.1;
				MTL_ENABLE_DEBUG_INFO = YES;
				ONLY_ACTIVE_ARCH = YES;
				SDKROOT = iphoneos;
				SWIFT_OPTIMIZATION_LEVEL = "-Onone";
			};
			name = Debug;
		};
		A50DC5191BDCF33800FEF643 /* Release */ = {
			isa = XCBuildConfiguration;
			buildSettings = {
				ALWAYS_SEARCH_USER_PATHS = NO;
				CLANG_CXX_LANGUAGE_STANDARD = "gnu++0x";
				CLANG_CXX_LIBRARY = "libc++";
				CLANG_ENABLE_MODULES = YES;
				CLANG_ENABLE_OBJC_ARC = YES;
				CLANG_WARN_BOOL_CONVERSION = YES;
				CLANG_WARN_CONSTANT_CONVERSION = YES;
				CLANG_WARN_DIRECT_OBJC_ISA_USAGE = YES_ERROR;
				CLANG_WARN_EMPTY_BODY = YES;
				CLANG_WARN_ENUM_CONVERSION = YES;
				CLANG_WARN_INT_CONVERSION = YES;
				CLANG_WARN_OBJC_ROOT_CLASS = YES_ERROR;
				CLANG_WARN_UNREACHABLE_CODE = YES;
				CLANG_WARN__DUPLICATE_METHOD_MATCH = YES;
				"CODE_SIGN_IDENTITY[sdk=iphoneos*]" = "iPhone Developer";
				COPY_PHASE_STRIP = NO;
				DEBUG_INFORMATION_FORMAT = "dwarf-with-dsym";
				ENABLE_NS_ASSERTIONS = NO;
				ENABLE_STRICT_OBJC_MSGSEND = YES;
				GCC_C_LANGUAGE_STANDARD = gnu99;
				GCC_NO_COMMON_BLOCKS = YES;
				GCC_WARN_64_TO_32_BIT_CONVERSION = YES;
				GCC_WARN_ABOUT_RETURN_TYPE = YES_ERROR;
				GCC_WARN_UNDECLARED_SELECTOR = YES;
				GCC_WARN_UNINITIALIZED_AUTOS = YES_AGGRESSIVE;
				GCC_WARN_UNUSED_FUNCTION = YES;
				GCC_WARN_UNUSED_VARIABLE = YES;
				IPHONEOS_DEPLOYMENT_TARGET = 9.1;
				MTL_ENABLE_DEBUG_INFO = NO;
				SDKROOT = iphoneos;
				VALIDATE_PRODUCT = YES;
			};
			name = Release;
		};
		A50DC51B1BDCF33800FEF643 /* Debug */ = {
			isa = XCBuildConfiguration;
			baseConfigurationReference = 9C6CF6676D50074697495326 /* Pods-microblog-swift.debug.xcconfig */;
			buildSettings = {
				ASSETCATALOG_COMPILER_APPICON_NAME = AppIcon;
				ASSETCATALOG_COMPILER_LAUNCHIMAGE_NAME = "Brand Assets";
				CLANG_ENABLE_MODULES = YES;
				CODE_SIGN_IDENTITY = "iPhone Developer";
				FRAMEWORK_SEARCH_PATHS = (
					"$(inherited)",
					"$(PROJECT_DIR)/build/Debug-iphoneos",
				);
				INFOPLIST_FILE = "microblog-swift/Info.plist";
				IPHONEOS_DEPLOYMENT_TARGET = 8.0;
				LD_RUNPATH_SEARCH_PATHS = "$(inherited) @executable_path/Frameworks";
				PRODUCT_BUNDLE_IDENTIFIER = "cn.6ag.microblog-swift";
				PRODUCT_NAME = "$(TARGET_NAME)";
				SWIFT_OBJC_BRIDGING_HEADER = "microblog-swift/microblog-swift-Bridging-Header.h";
				SWIFT_OPTIMIZATION_LEVEL = "-Onone";
			};
			name = Debug;
		};
		A50DC51C1BDCF33800FEF643 /* Release */ = {
			isa = XCBuildConfiguration;
			baseConfigurationReference = 983D9E66CD82891EC9114B2F /* Pods-microblog-swift.release.xcconfig */;
			buildSettings = {
				ASSETCATALOG_COMPILER_APPICON_NAME = AppIcon;
				ASSETCATALOG_COMPILER_LAUNCHIMAGE_NAME = "Brand Assets";
				CLANG_ENABLE_MODULES = YES;
				CODE_SIGN_IDENTITY = "iPhone Developer";
				FRAMEWORK_SEARCH_PATHS = (
					"$(inherited)",
					"$(PROJECT_DIR)/build/Debug-iphoneos",
				);
				INFOPLIST_FILE = "microblog-swift/Info.plist";
				IPHONEOS_DEPLOYMENT_TARGET = 8.0;
				LD_RUNPATH_SEARCH_PATHS = "$(inherited) @executable_path/Frameworks";
				PRODUCT_BUNDLE_IDENTIFIER = "cn.6ag.microblog-swift";
				PRODUCT_NAME = "$(TARGET_NAME)";
				SWIFT_OBJC_BRIDGING_HEADER = "microblog-swift/microblog-swift-Bridging-Header.h";
			};
			name = Release;
		};
/* End XCBuildConfiguration section */

/* Begin XCConfigurationList section */
		A50DC5031BDCF33700FEF643 /* Build configuration list for PBXProject "microblog-swift" */ = {
			isa = XCConfigurationList;
			buildConfigurations = (
				A50DC5181BDCF33800FEF643 /* Debug */,
				A50DC5191BDCF33800FEF643 /* Release */,
			);
			defaultConfigurationIsVisible = 0;
			defaultConfigurationName = Release;
		};
		A50DC51A1BDCF33800FEF643 /* Build configuration list for PBXNativeTarget "microblog-swift" */ = {
			isa = XCConfigurationList;
			buildConfigurations = (
				A50DC51B1BDCF33800FEF643 /* Debug */,
				A50DC51C1BDCF33800FEF643 /* Release */,
			);
			defaultConfigurationIsVisible = 0;
			defaultConfigurationName = Release;
		};
/* End XCConfigurationList section */
	};
	rootObject = A50DC5001BDCF33700FEF643 /* Project object */;
}
